
Microsoft Visual Studio Solution File, Format Version 12.00
# Visual Studio 15
Project("{FAE04EC0-301F-11D3-BF4B-00C04F79EFBC}") = "UnityServiceTemplate.Client", "UnityServiceTemplate.Client.csproj", "{5750A607-0D21-EDEC-A929-F6AAF02A7144}"
EndProject
Project("{D954291E-2A0B-460D-934E-DC6B0785DB48}") = "UnityServiceTemplate.Shared", "..\UnityServiceTemplate.Shared\UnityServiceTemplate.Shared.shproj", "{FD0C17F7-10A4-4096-8952-D7CA19C7F6C0}"
EndProject
Project("{FAE04EC0-301F-11D3-BF4B-00C04F79EFBC}") = "UnityServiceTemplate.Server", "..\UnityServiceTemplate.Server\UnityServiceTemplate.Server.csproj", "{0957A5B0-0633-4D2F-A622-F74FA5F088C8}"
EndProject
Project("{FAE04EC0-301F-11D3-BF4B-00C04F79EFBC}") = "UnityServiceTemplate.Client.Core", "..\UnityServiceTemplate.Client.Core\UnityServiceTemplate.Client.Core.csproj", "{1556C671-F1E6-43F6-8546-E0BC2E983FFB}"
EndProject
Global
	GlobalSection(SolutionConfigurationPlatforms) = preSolution
		Debug|Any CPU = Debug|Any CPU
		Release|Any CPU = Release|Any CPU
	EndGlobalSection
	GlobalSection(ProjectConfigurationPlatforms) = postSolution
		{5750A607-0D21-EDEC-A929-F6AAF02A7144}.Debug|Any CPU.ActiveCfg = Debug|Any CPU
		{5750A607-0D21-EDEC-A929-F6AAF02A7144}.Debug|Any CPU.Build.0 = Debug|Any CPU
		{5750A607-0D21-EDEC-A929-F6AAF02A7144}.Release|Any CPU.ActiveCfg = Release|Any CPU
		{5750A607-0D21-EDEC-A929-F6AAF02A7144}.Release|Any CPU.Build.0 = Release|Any CPU
		{FD0C17F7-10A4-4096-8952-D7CA19C7F6C0}.Debug|Any CPU.ActiveCfg = Debug|Any CPU
		{FD0C17F7-10A4-4096-8952-D7CA19C7F6C0}.Debug|Any CPU.Build.0 = Debug|Any CPU
		{FD0C17F7-10A4-4096-8952-D7CA19C7F6C0}.Release|Any CPU.ActiveCfg = Release|Any CPU
		{FD0C17F7-10A4-4096-8952-D7CA19C7F6C0}.Release|Any CPU.Build.0 = Release|Any CPU
		{0957A5B0-0633-4D2F-A622-F74FA5F088C8}.Debug|Any CPU.ActiveCfg = Debug|Any CPU
		{0957A5B0-0633-4D2F-A622-F74FA5F088C8}.Debug|Any CPU.Build.0 = Debug|Any CPU
		{0957A5B0-0633-4D2F-A622-F74FA5F088C8}.Release|Any CPU.ActiveCfg = Release|Any CPU
		{0957A5B0-0633-4D2F-A622-F74FA5F088C8}.Release|Any CPU.Build.0 = Release|Any CPU
		{1556C671-F1E6-43F6-8546-E0BC2E983FFB}.Debug|Any CPU.ActiveCfg = Debug|Any CPU
		{1556C671-F1E6-43F6-8546-E0BC2E983FFB}.Debug|Any CPU.Build.0 = Debug|Any CPU
		{1556C671-F1E6-43F6-8546-E0BC2E983FFB}.Release|Any CPU.ActiveCfg = Release|Any CPU
		{1556C671-F1E6-43F6-8546-E0BC2E983FFB}.Release|Any CPU.Build.0 = Release|Any CPU
	EndGlobalSection
	GlobalSection(SolutionProperties) = preSolution
		HideSolutionNode = FALSE
	EndGlobalSection
EndGlobal
