
Microsoft Visual Studio Solution File, Format Version 12.00
# Visual Studio 15
Project("{FAE04EC0-301F-11D3-BF4B-00C04F79EFBC}") = "UnityServiceTemplate.Client", "UnityServiceTemplate.Client.csproj", "{5750A607-0D21-EDEC-A929-F6AAF02A7144}"
EndProject
Project("{FAE04EC0-301F-11D3-BF4B-00C04F79EFBC}") = "UnityServiceTemplate.Client.Core", "..\UnityServiceTemplate.Client.Core\UnityServiceTemplate.Client.Core.csproj", "{71D303B8-FE17-4603-AFDD-817B8CE89776}"
EndProject
Project("{D954291E-2A0B-460D-934E-DC6B0785DB48}") = "UnityServiceTemplate.Shared", "..\UnityServiceTemplate.Shared\UnityServiceTemplate.Shared.shproj", "{FD0C17F7-10A4-4096-8952-D7CA19C7F6C0}"
EndProject
Project("{FAE04EC0-301F-11D3-BF4B-00C04F79EFBC}") = "UnityServiceTemplate.Server", "..\UnityServiceTemplate.Server\UnityServiceTemplate.Server.csproj", "{36C1B8B1-DB6E-45B4-8C42-AEAA8B253621}"
EndProject
Global
	GlobalSection(SolutionConfigurationPlatforms) = preSolution
		Debug|Any CPU = Debug|Any CPU
		Release|Any CPU = Release|Any CPU
	EndGlobalSection
	GlobalSection(ProjectConfigurationPlatforms) = postSolution
		{5750A607-0D21-EDEC-A929-F6AAF02A7144}.Debug|Any CPU.ActiveCfg = Debug|Any CPU
		{5750A607-0D21-EDEC-A929-F6AAF02A7144}.Debug|Any CPU.Build.0 = Debug|Any CPU
		{5750A607-0D21-EDEC-A929-F6AAF02A7144}.Release|Any CPU.ActiveCfg = Release|Any CPU
		{5750A607-0D21-EDEC-A929-F6AAF02A7144}.Release|Any CPU.Build.0 = Release|Any CPU
		{71D303B8-FE17-4603-AFDD-817B8CE89776}.Debug|Any CPU.ActiveCfg = Debug|Any CPU
		{71D303B8-FE17-4603-AFDD-817B8CE89776}.Debug|Any CPU.Build.0 = Debug|Any CPU
		{71D303B8-FE17-4603-AFDD-817B8CE89776}.Release|Any CPU.ActiveCfg = Release|Any CPU
		{71D303B8-FE17-4603-AFDD-817B8CE89776}.Release|Any CPU.Build.0 = Release|Any CPU
		{FD0C17F7-10A4-4096-8952-D7CA19C7F6C0}.Debug|Any CPU.ActiveCfg = Debug|Any CPU
		{FD0C17F7-10A4-4096-8952-D7CA19C7F6C0}.Debug|Any CPU.Build.0 = Debug|Any CPU
		{FD0C17F7-10A4-4096-8952-D7CA19C7F6C0}.Release|Any CPU.ActiveCfg = Release|Any CPU
		{FD0C17F7-10A4-4096-8952-D7CA19C7F6C0}.Release|Any CPU.Build.0 = Release|Any CPU
		{36C1B8B1-DB6E-45B4-8C42-AEAA8B253621}.Debug|Any CPU.ActiveCfg = Debug|Any CPU
		{36C1B8B1-DB6E-45B4-8C42-AEAA8B253621}.Debug|Any CPU.Build.0 = Debug|Any CPU
		{36C1B8B1-DB6E-45B4-8C42-AEAA8B253621}.Release|Any CPU.ActiveCfg = Release|Any CPU
		{36C1B8B1-DB6E-45B4-8C42-AEAA8B253621}.Release|Any CPU.Build.0 = Release|Any CPU
	EndGlobalSection
	GlobalSection(SolutionProperties) = preSolution
		HideSolutionNode = FALSE
	EndGlobalSection
EndGlobal
